
Microsoft Visual Studio Solution File, Format Version 12.00
# Visual Studio Version 17
VisualStudioVersion = 17.8.34330.188
MinimumVisualStudioVersion = 10.0.40219.1
Project("{FAE04EC0-301F-11D3-BF4B-00C04F79EFBC}") = "Appium", "AppiumTest\Appium.csproj", "{5178DE67-D5B4-42F6-A605-009312B3B84C}"
EndProject
Project("{FAE04EC0-301F-11D3-BF4B-00C04F79EFBC}") = "Appium.Tests", "Appium.Tests\Appium.Tests.csproj", "{FB095728-B969-4080-804A-B46376B56DC0}"
EndProject
Global
	GlobalSection(SolutionConfigurationPlatforms) = preSolution
		Debug|Any CPU = Debug|Any CPU
		Release|Any CPU = Release|Any CPU
	EndGlobalSection
	GlobalSection(ProjectConfigurationPlatforms) = postSolution
		{5178DE67-D5B4-42F6-A605-009312B3B84C}.Debug|Any CPU.ActiveCfg = Debug|Any CPU
		{5178DE67-D5B4-42F6-A605-009312B3B84C}.Debug|Any CPU.Build.0 = Debug|Any CPU
		{5178DE67-D5B4-42F6-A605-009312B3B84C}.Release|Any CPU.ActiveCfg = Release|Any CPU
		{5178DE67-D5B4-42F6-A605-009312B3B84C}.Release|Any CPU.Build.0 = Release|Any CPU
		{FB095728-B969-4080-804A-B46376B56DC0}.Debug|Any CPU.ActiveCfg = Debug|Any CPU
		{FB095728-B969-4080-804A-B46376B56DC0}.Debug|Any CPU.Build.0 = Debug|Any CPU
		{FB095728-B969-4080-804A-B46376B56DC0}.Release|Any CPU.ActiveCfg = Release|Any CPU
		{FB095728-B969-4080-804A-B46376B56DC0}.Release|Any CPU.Build.0 = Release|Any CPU
	EndGlobalSection
	GlobalSection(SolutionProperties) = preSolution
		HideSolutionNode = FALSE
	EndGlobalSection
	GlobalSection(ExtensibilityGlobals) = postSolution
		SolutionGuid = {B057B18C-28D6-4A2E-A5C7-1C56A8F4AE45}
	EndGlobalSection
EndGlobal
